
Microsoft Visual Studio Solution File, Format Version 12.00
# Visual Studio Version 16
VisualStudioVersion = 16.0.29009.5
MinimumVisualStudioVersion = 10.0.40219.1
Project("{FAE04EC0-301F-11D3-BF4B-00C04F79EFBC}") = "Bands", "Bands\Bands.csproj", "{4A7F6993-4E26-4DC2-A827-09F744F142F7}"
EndProject
Global
	GlobalSection(SolutionConfigurationPlatforms) = preSolution
		Debug|Any CPU = Debug|Any CPU
		Release|Any CPU = Release|Any CPU
	EndGlobalSection
	GlobalSection(ProjectConfigurationPlatforms) = postSolution
		{4A7F6993-4E26-4DC2-A827-09F744F142F7}.Debug|Any CPU.ActiveCfg = Debug|Any CPU
		{4A7F6993-4E26-4DC2-A827-09F744F142F7}.Debug|Any CPU.Build.0 = Debug|Any CPU
		{4A7F6993-4E26-4DC2-A827-09F744F142F7}.Release|Any CPU.ActiveCfg = Release|Any CPU
		{4A7F6993-4E26-4DC2-A827-09F744F142F7}.Release|Any CPU.Build.0 = Release|Any CPU
	EndGlobalSection
	GlobalSection(SolutionProperties) = preSolution
		HideSolutionNode = FALSE
	EndGlobalSection
	GlobalSection(ExtensibilityGlobals) = postSolution
		SolutionGuid = {80F9DC22-5EDF-41D9-94D4-4F8BDD376DE7}
	EndGlobalSection
EndGlobal
